// !$*UTF8*$!
{
	archiveVersion = 1;
	classes = {
	};
	objectVersion = 50;
	objects = {

/* Begin PBXBuildFile section */
		BF6801E626B8F81F00454517 /* AppDelegate.swift in Sources */ = {isa = PBXBuildFile; fileRef = BF6801E526B8F81F00454517 /* AppDelegate.swift */; };
		BF6801E826B8F81F00454517 /* SceneDelegate.swift in Sources */ = {isa = PBXBuildFile; fileRef = BF6801E726B8F81F00454517 /* SceneDelegate.swift */; };
		BF6801EA26B8F81F00454517 /* ViewController.swift in Sources */ = {isa = PBXBuildFile; fileRef = BF6801E926B8F81F00454517 /* ViewController.swift */; };
		BF6801ED26B8F81F00454517 /* Main.storyboard in Resources */ = {isa = PBXBuildFile; fileRef = BF6801EB26B8F81F00454517 /* Main.storyboard */; };
		BF6801EF26B8F82200454517 /* Assets.xcassets in Resources */ = {isa = PBXBuildFile; fileRef = BF6801EE26B8F82200454517 /* Assets.xcassets */; };
		BF6801F226B8F82200454517 /* LaunchScreen.storyboard in Resources */ = {isa = PBXBuildFile; fileRef = BF6801F026B8F82200454517 /* LaunchScreen.storyboard */; };
		BF6801FD26B8F82200454517 /* TabbarinCodeTests.swift in Sources */ = {isa = PBXBuildFile; fileRef = BF6801FC26B8F82200454517 /* TabbarinCodeTests.swift */; };
		BF68020826B8F82200454517 /* TabbarinCodeUITests.swift in Sources */ = {isa = PBXBuildFile; fileRef = BF68020726B8F82200454517 /* TabbarinCodeUITests.swift */; };
/* End PBXBuildFile section */

/* Begin PBXContainerItemProxy section */
		BF6801F926B8F82200454517 /* PBXContainerItemProxy */ = {
			isa = PBXContainerItemProxy;
			containerPortal = BF6801DA26B8F81F00454517 /* Project object */;
			proxyType = 1;
			remoteGlobalIDString = BF6801E126B8F81F00454517;
			remoteInfo = TabbarinCode;
		};
		BF68020426B8F82200454517 /* PBXContainerItemProxy */ = {
			isa = PBXContainerItemProxy;
			containerPortal = BF6801DA26B8F81F00454517 /* Project object */;
			proxyType = 1;
			remoteGlobalIDString = BF6801E126B8F81F00454517;
			remoteInfo = TabbarinCode;
		};
/* End PBXContainerItemProxy section */

/* Begin PBXFileReference section */
		BF6801E226B8F81F00454517 /* TabbarinCode.app */ = {isa = PBXFileReference; explicitFileType = wrapper.application; includeInIndex = 0; path = TabbarinCode.app; sourceTree = BUILT_PRODUCTS_DIR; };
		BF6801E526B8F81F00454517 /* AppDelegate.swift */ = {isa = PBXFileReference; lastKnownFileType = sourcecode.swift; path = AppDelegate.swift; sourceTree = "<group>"; };
		BF6801E726B8F81F00454517 /* SceneDelegate.swift */ = {isa = PBXFileReference; lastKnownFileType = sourcecode.swift; path = SceneDelegate.swift; sourceTree = "<group>"; };
		BF6801E926B8F81F00454517 /* ViewController.swift */ = {isa = PBXFileReference; lastKnownFileType = sourcecode.swift; path = ViewController.swift; sourceTree = "<group>"; };
		BF6801EC26B8F81F00454517 /* Base */ = {isa = PBXFileReference; lastKnownFileType = file.storyboard; name = Base; path = Base.lproj/Main.storyboard; sourceTree = "<group>"; };
		BF6801EE26B8F82200454517 /* Assets.xcassets */ = {isa = PBXFileReference; lastKnownFileType = folder.assetcatalog; path = Assets.xcassets; sourceTree = "<group>"; };
		BF6801F126B8F82200454517 /* Base */ = {isa = PBXFileReference; lastKnownFileType = file.storyboard; name = Base; path = Base.lproj/LaunchScreen.storyboard; sourceTree = "<group>"; };
		BF6801F326B8F82200454517 /* Info.plist */ = {isa = PBXFileReference; lastKnownFileType = text.plist.xml; path = Info.plist; sourceTree = "<group>"; };
		BF6801F826B8F82200454517 /* TabbarinCodeTests.xctest */ = {isa = PBXFileReference; explicitFileType = wrapper.cfbundle; includeInIndex = 0; path = TabbarinCodeTests.xctest; sourceTree = BUILT_PRODUCTS_DIR; };
		BF6801FC26B8F82200454517 /* TabbarinCodeTests.swift */ = {isa = PBXFileReference; lastKnownFileType = sourcecode.swift; path = TabbarinCodeTests.swift; sourceTree = "<group>"; };
		BF6801FE26B8F82200454517 /* Info.plist */ = {isa = PBXFileReference; lastKnownFileType = text.plist.xml; path = Info.plist; sourceTree = "<group>"; };
		BF68020326B8F82200454517 /* TabbarinCodeUITests.xctest */ = {isa = PBXFileReference; explicitFileType = wrapper.cfbundle; includeInIndex = 0; path = TabbarinCodeUITests.xctest; sourceTree = BUILT_PRODUCTS_DIR; };
		BF68020726B8F82200454517 /* TabbarinCodeUITests.swift */ = {isa = PBXFileReference; lastKnownFileType = sourcecode.swift; path = TabbarinCodeUITests.swift; sourceTree = "<group>"; };
		BF68020926B8F82200454517 /* Info.plist */ = {isa = PBXFileReference; lastKnownFileType = text.plist.xml; path = Info.plist; sourceTree = "<group>"; };
/* End PBXFileReference section */

/* Begin PBXFrameworksBuildPhase section */
		BF6801DF26B8F81F00454517 /* Frameworks */ = {
			isa = PBXFrameworksBuildPhase;
			buildActionMask = 2147483647;
			files = (
			);
			runOnlyForDeploymentPostprocessing = 0;
		};
		BF6801F526B8F82200454517 /* Frameworks */ = {
			isa = PBXFrameworksBuildPhase;
			buildActionMask = 2147483647;
			files = (
			);
			runOnlyForDeploymentPostprocessing = 0;
		};
		BF68020026B8F82200454517 /* Frameworks */ = {
			isa = PBXFrameworksBuildPhase;
			buildActionMask = 2147483647;
			files = (
			);
			runOnlyForDeploymentPostprocessing = 0;
		};
/* End PBXFrameworksBuildPhase section */

/* Begin PBXGroup section */
		BF6801D926B8F81F00454517 = {
			isa = PBXGroup;
			children = (
				BF6801E426B8F81F00454517 /* TabbarinCode */,
				BF6801FB26B8F82200454517 /* TabbarinCodeTests */,
				BF68020626B8F82200454517 /* TabbarinCodeUITests */,
				BF6801E326B8F81F00454517 /* Products */,
			);
			sourceTree = "<group>";
		};
		BF6801E326B8F81F00454517 /* Products */ = {
			isa = PBXGroup;
			children = (
				BF6801E226B8F81F00454517 /* TabbarinCode.app */,
				BF6801F826B8F82200454517 /* TabbarinCodeTests.xctest */,
				BF68020326B8F82200454517 /* TabbarinCodeUITests.xctest */,
			);
			name = Products;
			sourceTree = "<group>";
		};
		BF6801E426B8F81F00454517 /* TabbarinCode */ = {
			isa = PBXGroup;
			children = (
				BF6801E526B8F81F00454517 /* AppDelegate.swift */,
				BF6801E726B8F81F00454517 /* SceneDelegate.swift */,
				BF6801E926B8F81F00454517 /* ViewController.swift */,
				BF6801EB26B8F81F00454517 /* Main.storyboard */,
				BF6801EE26B8F82200454517 /* Assets.xcassets */,
				BF6801F026B8F82200454517 /* LaunchScreen.storyboard */,
				BF6801F326B8F82200454517 /* Info.plist */,
			);
			path = TabbarinCode;
			sourceTree = "<group>";
		};
		BF6801FB26B8F82200454517 /* TabbarinCodeTests */ = {
			isa = PBXGroup;
			children = (
				BF6801FC26B8F82200454517 /* TabbarinCodeTests.swift */,
				BF6801FE26B8F82200454517 /* Info.plist */,
			);
			path = TabbarinCodeTests;
			sourceTree = "<group>";
		};
		BF68020626B8F82200454517 /* TabbarinCodeUITests */ = {
			isa = PBXGroup;
			children = (
				BF68020726B8F82200454517 /* TabbarinCodeUITests.swift */,
				BF68020926B8F82200454517 /* Info.plist */,
			);
			path = TabbarinCodeUITests;
			sourceTree = "<group>";
		};
/* End PBXGroup section */

/* Begin PBXNativeTarget section */
		BF6801E126B8F81F00454517 /* TabbarinCode */ = {
			isa = PBXNativeTarget;
			buildConfigurationList = BF68020C26B8F82200454517 /* Build configuration list for PBXNativeTarget "TabbarinCode" */;
			buildPhases = (
				BF6801DE26B8F81F00454517 /* Sources */,
				BF6801DF26B8F81F00454517 /* Frameworks */,
				BF6801E026B8F81F00454517 /* Resources */,
			);
			buildRules = (
			);
			dependencies = (
			);
			name = TabbarinCode;
			productName = TabbarinCode;
			productReference = BF6801E226B8F81F00454517 /* TabbarinCode.app */;
			productType = "com.apple.product-type.application";
		};
		BF6801F726B8F82200454517 /* TabbarinCodeTests */ = {
			isa = PBXNativeTarget;
			buildConfigurationList = BF68020F26B8F82200454517 /* Build configuration list for PBXNativeTarget "TabbarinCodeTests" */;
			buildPhases = (
				BF6801F426B8F82200454517 /* Sources */,
				BF6801F526B8F82200454517 /* Frameworks */,
				BF6801F626B8F82200454517 /* Resources */,
			);
			buildRules = (
			);
			dependencies = (
				BF6801FA26B8F82200454517 /* PBXTargetDependency */,
			);
			name = TabbarinCodeTests;
			productName = TabbarinCodeTests;
			productReference = BF6801F826B8F82200454517 /* TabbarinCodeTests.xctest */;
			productType = "com.apple.product-type.bundle.unit-test";
		};
		BF68020226B8F82200454517 /* TabbarinCodeUITests */ = {
			isa = PBXNativeTarget;
			buildConfigurationList = BF68021226B8F82200454517 /* Build configuration list for PBXNativeTarget "TabbarinCodeUITests" */;
			buildPhases = (
				BF6801FF26B8F82200454517 /* Sources */,
				BF68020026B8F82200454517 /* Frameworks */,
				BF68020126B8F82200454517 /* Resources */,
			);
			buildRules = (
			);
			dependencies = (
				BF68020526B8F82200454517 /* PBXTargetDependency */,
			);
			name = TabbarinCodeUITests;
			productName = TabbarinCodeUITests;
			productReference = BF68020326B8F82200454517 /* TabbarinCodeUITests.xctest */;
			productType = "com.apple.product-type.bundle.ui-testing";
		};
/* End PBXNativeTarget section */

/* Begin PBXProject section */
		BF6801DA26B8F81F00454517 /* Project object */ = {
			isa = PBXProject;
			attributes = {
				LastSwiftUpdateCheck = 1250;
				LastUpgradeCheck = 1250;
				TargetAttributes = {
					BF6801E126B8F81F00454517 = {
						CreatedOnToolsVersion = 12.5.1;
					};
					BF6801F726B8F82200454517 = {
						CreatedOnToolsVersion = 12.5.1;
						TestTargetID = BF6801E126B8F81F00454517;
					};
					BF68020226B8F82200454517 = {
						CreatedOnToolsVersion = 12.5.1;
						TestTargetID = BF6801E126B8F81F00454517;
					};
				};
			};
			buildConfigurationList = BF6801DD26B8F81F00454517 /* Build configuration list for PBXProject "TabbarinCode" */;
			compatibilityVersion = "Xcode 9.3";
			developmentRegion = en;
			hasScannedForEncodings = 0;
			knownRegions = (
				en,
				Base,
			);
			mainGroup = BF6801D926B8F81F00454517;
			productRefGroup = BF6801E326B8F81F00454517 /* Products */;
			projectDirPath = "";
			projectRoot = "";
			targets = (
				BF6801E126B8F81F00454517 /* TabbarinCode */,
				BF6801F726B8F82200454517 /* TabbarinCodeTests */,
				BF68020226B8F82200454517 /* TabbarinCodeUITests */,
			);
		};
/* End PBXProject section */

/* Begin PBXResourcesBuildPhase section */
		BF6801E026B8F81F00454517 /* Resources */ = {
			isa = PBXResourcesBuildPhase;
			buildActionMask = 2147483647;
			files = (
				BF6801F226B8F82200454517 /* LaunchScreen.storyboard in Resources */,
				BF6801EF26B8F82200454517 /* Assets.xcassets in Resources */,
				BF6801ED26B8F81F00454517 /* Main.storyboard in Resources */,
			);
			runOnlyForDeploymentPostprocessing = 0;
		};
		BF6801F626B8F82200454517 /* Resources */ = {
			isa = PBXResourcesBuildPhase;
			buildActionMask = 2147483647;
			files = (
			);
			runOnlyForDeploymentPostprocessing = 0;
		};
		BF68020126B8F82200454517 /* Resources */ = {
			isa = PBXResourcesBuildPhase;
			buildActionMask = 2147483647;
			files = (
			);
			runOnlyForDeploymentPostprocessing = 0;
		};
/* End PBXResourcesBuildPhase section */

/* Begin PBXSourcesBuildPhase section */
		BF6801DE26B8F81F00454517 /* Sources */ = {
			isa = PBXSourcesBuildPhase;
			buildActionMask = 2147483647;
			files = (
				BF6801EA26B8F81F00454517 /* ViewController.swift in Sources */,
				BF6801E626B8F81F00454517 /* AppDelegate.swift in Sources */,
				BF6801E826B8F81F00454517 /* SceneDelegate.swift in Sources */,
			);
			runOnlyForDeploymentPostprocessing = 0;
		};
		BF6801F426B8F82200454517 /* Sources */ = {
			isa = PBXSourcesBuildPhase;
			buildActionMask = 2147483647;
			files = (
				BF6801FD26B8F82200454517 /* TabbarinCodeTests.swift in Sources */,
			);
			runOnlyForDeploymentPostprocessing = 0;
		};
		BF6801FF26B8F82200454517 /* Sources */ = {
			isa = PBXSourcesBuildPhase;
			buildActionMask = 2147483647;
			files = (
				BF68020826B8F82200454517 /* TabbarinCodeUITests.swift in Sources */,
			);
			runOnlyForDeploymentPostprocessing = 0;
		};
/* End PBXSourcesBuildPhase section */

/* Begin PBXTargetDependency section */
		BF6801FA26B8F82200454517 /* PBXTargetDependency */ = {
			isa = PBXTargetDependency;
			target = BF6801E126B8F81F00454517 /* TabbarinCode */;
			targetProxy = BF6801F926B8F82200454517 /* PBXContainerItemProxy */;
		};
		BF68020526B8F82200454517 /* PBXTargetDependency */ = {
			isa = PBXTargetDependency;
			target = BF6801E126B8F81F00454517 /* TabbarinCode */;
			targetProxy = BF68020426B8F82200454517 /* PBXContainerItemProxy */;
		};
/* End PBXTargetDependency section */

/* Begin PBXVariantGroup section */
		BF6801EB26B8F81F00454517 /* Main.storyboard */ = {
			isa = PBXVariantGroup;
			children = (
				BF6801EC26B8F81F00454517 /* Base */,
			);
			name = Main.storyboard;
			sourceTree = "<group>";
		};
		BF6801F026B8F82200454517 /* LaunchScreen.storyboard */ = {
			isa = PBXVariantGroup;
			children = (
				BF6801F126B8F82200454517 /* Base */,
			);
			name = LaunchScreen.storyboard;
			sourceTree = "<group>";
		};
/* End PBXVariantGroup section */

/* Begin XCBuildConfiguration section */
		BF68020A26B8F82200454517 /* Debug */ = {
			isa = XCBuildConfiguration;
			buildSettings = {
				ALWAYS_SEARCH_USER_PATHS = NO;
				CLANG_ANALYZER_NONNULL = YES;
				CLANG_ANALYZER_NUMBER_OBJECT_CONVERSION = YES_AGGRESSIVE;
				CLANG_CXX_LANGUAGE_STANDARD = "gnu++14";
				CLANG_CXX_LIBRARY = "libc++";
				CLANG_ENABLE_MODULES = YES;
				CLANG_ENABLE_OBJC_ARC = YES;
				CLANG_ENABLE_OBJC_WEAK = YES;
				CLANG_WARN_BLOCK_CAPTURE_AUTORELEASING = YES;
				CLANG_WARN_BOOL_CONVERSION = YES;
				CLANG_WARN_COMMA = YES;
				CLANG_WARN_CONSTANT_CONVERSION = YES;
				CLANG_WARN_DEPRECATED_OBJC_IMPLEMENTATIONS = YES;
				CLANG_WARN_DIRECT_OBJC_ISA_USAGE = YES_ERROR;
				CLANG_WARN_DOCUMENTATION_COMMENTS = YES;
				CLANG_WARN_EMPTY_BODY = YES;
				CLANG_WARN_ENUM_CONVERSION = YES;
				CLANG_WARN_INFINITE_RECURSION = YES;
				CLANG_WARN_INT_CONVERSION = YES;
				CLANG_WARN_NON_LITERAL_NULL_CONVERSION = YES;
				CLANG_WARN_OBJC_IMPLICIT_RETAIN_SELF = YES;
				CLANG_WARN_OBJC_LITERAL_CONVERSION = YES;
				CLANG_WARN_OBJC_ROOT_CLASS = YES_ERROR;
				CLANG_WARN_QUOTED_INCLUDE_IN_FRAMEWORK_HEADER = YES;
				CLANG_WARN_RANGE_LOOP_ANALYSIS = YES;
				CLANG_WARN_STRICT_PROTOTYPES = YES;
				CLANG_WARN_SUSPICIOUS_MOVE = YES;
				CLANG_WARN_UNGUARDED_AVAILABILITY = YES_AGGRESSIVE;
				CLANG_WARN_UNREACHABLE_CODE = YES;
				CLANG_WARN__DUPLICATE_METHOD_MATCH = YES;
				COPY_PHASE_STRIP = NO;
				DEBUG_INFORMATION_FORMAT = dwarf;
				ENABLE_STRICT_OBJC_MSGSEND = YES;
				ENABLE_TESTABILITY = YES;
				GCC_C_LANGUAGE_STANDARD = gnu11;
				GCC_DYNAMIC_NO_PIC = NO;
				GCC_NO_COMMON_BLOCKS = YES;
				GCC_OPTIMIZATION_LEVEL = 0;
				GCC_PREPROCESSOR_DEFINITIONS = (
					"DEBUG=1",
					"$(inherited)",
				);
				GCC_WARN_64_TO_32_BIT_CONVERSION = YES;
				GCC_WARN_ABOUT_RETURN_TYPE = YES_ERROR;
				GCC_WARN_UNDECLARED_SELECTOR = YES;
				GCC_WARN_UNINITIALIZED_AUTOS = YES_AGGRESSIVE;
				GCC_WARN_UNUSED_FUNCTION = YES;
				GCC_WARN_UNUSED_VARIABLE = YES;
				IPHONEOS_DEPLOYMENT_TARGET = 14.5;
				MTL_ENABLE_DEBUG_INFO = INCLUDE_SOURCE;
				MTL_FAST_MATH = YES;
				ONLY_ACTIVE_ARCH = YES;
				SDKROOT = iphoneos;
				SWIFT_ACTIVE_COMPILATION_CONDITIONS = DEBUG;
				SWIFT_OPTIMIZATION_LEVEL = "-Onone";
			};
			name = Debug;
		};
		BF68020B26B8F82200454517 /* Release */ = {
			isa = XCBuildConfiguration;
			buildSettings = {
				ALWAYS_SEARCH_USER_PATHS = NO;
				CLANG_ANALYZER_NONNULL = YES;
				CLANG_ANALYZER_NUMBER_OBJECT_CONVERSION = YES_AGGRESSIVE;
				CLANG_CXX_LANGUAGE_STANDARD = "gnu++14";
				CLANG_CXX_LIBRARY = "libc++";
				CLANG_ENABLE_MODULES = YES;
				CLANG_ENABLE_OBJC_ARC = YES;
				CLANG_ENABLE_OBJC_WEAK = YES;
				CLANG_WARN_BLOCK_CAPTURE_AUTORELEASING = YES;
				CLANG_WARN_BOOL_CONVERSION = YES;
				CLANG_WARN_COMMA = YES;
				CLANG_WARN_CONSTANT_CONVERSION = YES;
				CLANG_WARN_DEPRECATED_OBJC_IMPLEMENTATIONS = YES;
				CLANG_WARN_DIRECT_OBJC_ISA_USAGE = YES_ERROR;
				CLANG_WARN_DOCUMENTATION_COMMENTS = YES;
				CLANG_WARN_EMPTY_BODY = YES;
				CLANG_WARN_ENUM_CONVERSION = YES;
				CLANG_WARN_INFINITE_RECURSION = YES;
				CLANG_WARN_INT_CONVERSION = YES;
				CLANG_WARN_NON_LITERAL_NULL_CONVERSION = YES;
				CLANG_WARN_OBJC_IMPLICIT_RETAIN_SELF = YES;
				CLANG_WARN_OBJC_LITERAL_CONVERSION = YES;
				CLANG_WARN_OBJC_ROOT_CLASS = YES_ERROR;
				CLANG_WARN_QUOTED_INCLUDE_IN_FRAMEWORK_HEADER = YES;
				CLANG_WARN_RANGE_LOOP_ANALYSIS = YES;
				CLANG_WARN_STRICT_PROTOTYPES = YES;
				CLANG_WARN_SUSPICIOUS_MOVE = YES;
				CLANG_WARN_UNGUARDED_AVAILABILITY = YES_AGGRESSIVE;
				CLANG_WARN_UNREACHABLE_CODE = YES;
				CLANG_WARN__DUPLICATE_METHOD_MATCH = YES;
				COPY_PHASE_STRIP = NO;
				DEBUG_INFORMATION_FORMAT = "dwarf-with-dsym";
				ENABLE_NS_ASSERTIONS = NO;
				ENABLE_STRICT_OBJC_MSGSEND = YES;
				GCC_C_LANGUAGE_STANDARD = gnu11;
				GCC_NO_COMMON_BLOCKS = YES;
				GCC_WARN_64_TO_32_BIT_CONVERSION = YES;
				GCC_WARN_ABOUT_RETURN_TYPE = YES_ERROR;
				GCC_WARN_UNDECLARED_SELECTOR = YES;
				GCC_WARN_UNINITIALIZED_AUTOS = YES_AGGRESSIVE;
				GCC_WARN_UNUSED_FUNCTION = YES;
				GCC_WARN_UNUSED_VARIABLE = YES;
				IPHONEOS_DEPLOYMENT_TARGET = 14.5;
				MTL_ENABLE_DEBUG_INFO = NO;
				MTL_FAST_MATH = YES;
				SDKROOT = iphoneos;
				SWIFT_COMPILATION_MODE = wholemodule;
				SWIFT_OPTIMIZATION_LEVEL = "-O";
				VALIDATE_PRODUCT = YES;
			};
			name = Release;
		};
		BF68020D26B8F82200454517 /* Debug */ = {
			isa = XCBuildConfiguration;
			buildSettings = {
				ASSETCATALOG_COMPILER_APPICON_NAME = AppIcon;
				ASSETCATALOG_COMPILER_GLOBAL_ACCENT_COLOR_NAME = AccentColor;
				CODE_SIGN_STYLE = Automatic;
				DEVELOPMENT_TEAM = GH8767RCJ5;
				INFOPLIST_FILE = TabbarinCode/Info.plist;
				LD_RUNPATH_SEARCH_PATHS = (
					"$(inherited)",
					"@executable_path/Frameworks",
				);
				PRODUCT_BUNDLE_IDENTIFIER = id.co.aitc.tekadigi.TabbarinCode;
				PRODUCT_NAME = "$(TARGET_NAME)";
				SWIFT_VERSION = 5.0;
				TARGETED_DEVICE_FAMILY = "1,2";
			};
			name = Debug;
		};
		BF68020E26B8F82200454517 /* Release */ = {
			isa = XCBuildConfiguration;
			buildSettings = {
				ASSETCATALOG_COMPILER_APPICON_NAME = AppIcon;
				ASSETCATALOG_COMPILER_GLOBAL_ACCENT_COLOR_NAME = AccentColor;
				CODE_SIGN_STYLE = Automatic;
				DEVELOPMENT_TEAM = GH8767RCJ5;
				INFOPLIST_FILE = TabbarinCode/Info.plist;
				LD_RUNPATH_SEARCH_PATHS = (
					"$(inherited)",
					"@executable_path/Frameworks",
				);
				PRODUCT_BUNDLE_IDENTIFIER = id.co.aitc.tekadigi.TabbarinCode;
				PRODUCT_NAME = "$(TARGET_NAME)";
				SWIFT_VERSION = 5.0;
				TARGETED_DEVICE_FAMILY = "1,2";
			};
			name = Release;
		};
		BF68021026B8F82200454517 /* Debug */ = {
			isa = XCBuildConfiguration;
			buildSettings = {
				ALWAYS_EMBED_SWIFT_STANDARD_LIBRARIES = YES;
				BUNDLE_LOADER = "$(TEST_HOST)";
				CODE_SIGN_STYLE = Automatic;
				DEVELOPMENT_TEAM = GH8767RCJ5;
				INFOPLIST_FILE = TabbarinCodeTests/Info.plist;
				IPHONEOS_DEPLOYMENT_TARGET = 14.5;
				LD_RUNPATH_SEARCH_PATHS = (
					"$(inherited)",
					"@executable_path/Frameworks",
					"@loader_path/Frameworks",
				);
				PRODUCT_BUNDLE_IDENTIFIER = id.co.aitc.tekadigi.TabbarinCodeTests;
				PRODUCT_NAME = "$(TARGET_NAME)";
				SWIFT_VERSION = 5.0;
				TARGETED_DEVICE_FAMILY = "1,2";
				TEST_HOST = "$(BUILT_PRODUCTS_DIR)/TabbarinCode.app/TabbarinCode";
			};
			name = Debug;
		};
		BF68021126B8F82200454517 /* Release */ = {
			isa = XCBuildConfiguration;
			buildSettings = {
				ALWAYS_EMBED_SWIFT_STANDARD_LIBRARIES = YES;
				BUNDLE_LOADER = "$(TEST_HOST)";
				CODE_SIGN_STYLE = Automatic;
				DEVELOPMENT_TEAM = GH8767RCJ5;
				INFOPLIST_FILE = TabbarinCodeTests/Info.plist;
				IPHONEOS_DEPLOYMENT_TARGET = 14.5;
				LD_RUNPATH_SEARCH_PATHS = (
					"$(inherited)",
					"@executable_path/Frameworks",
					"@loader_path/Frameworks",
				);
				PRODUCT_BUNDLE_IDENTIFIER = id.co.aitc.tekadigi.TabbarinCodeTests;
				PRODUCT_NAME = "$(TARGET_NAME)";
				SWIFT_VERSION = 5.0;
				TARGETED_DEVICE_FAMILY = "1,2";
				TEST_HOST = "$(BUILT_PRODUCTS_DIR)/TabbarinCode.app/TabbarinCode";
			};
			name = Release;
		};
		BF68021326B8F82200454517 /* Debug */ = {
			isa = XCBuildConfiguration;
			buildSettings = {
				ALWAYS_EMBED_SWIFT_STANDARD_LIBRARIES = YES;
				CODE_SIGN_STYLE = Automatic;
				DEVELOPMENT_TEAM = GH8767RCJ5;
				INFOPLIST_FILE = TabbarinCodeUITests/Info.plist;
				LD_RUNPATH_SEARCH_PATHS = (
					"$(inherited)",
					"@executable_path/Frameworks",
					"@loader_path/Frameworks",
				);
				PRODUCT_BUNDLE_IDENTIFIER = id.co.aitc.tekadigi.TabbarinCodeUITests;
				PRODUCT_NAME = "$(TARGET_NAME)";
				SWIFT_VERSION = 5.0;
				TARGETED_DEVICE_FAMILY = "1,2";
				TEST_TARGET_NAME = TabbarinCode;
			};
			name = Debug;
		};
		BF68021426B8F82200454517 /* Release */ = {
			isa = XCBuildConfiguration;
			buildSettings = {
				ALWAYS_EMBED_SWIFT_STANDARD_LIBRARIES = YES;
				CODE_SIGN_STYLE = Automatic;
				DEVELOPMENT_TEAM = GH8767RCJ5;
				INFOPLIST_FILE = TabbarinCodeUITests/Info.plist;
				LD_RUNPATH_SEARCH_PATHS = (
					"$(inherited)",
					"@executable_path/Frameworks",
					"@loader_path/Frameworks",
				);
				PRODUCT_BUNDLE_IDENTIFIER = id.co.aitc.tekadigi.TabbarinCodeUITests;
				PRODUCT_NAME = "$(TARGET_NAME)";
				SWIFT_VERSION = 5.0;
				TARGETED_DEVICE_FAMILY = "1,2";
				TEST_TARGET_NAME = TabbarinCode;
			};
			name = Release;
		};
/* End XCBuildConfiguration section */

/* Begin XCConfigurationList section */
		BF6801DD26B8F81F00454517 /* Build configuration list for PBXProject "TabbarinCode" */ = {
			isa = XCConfigurationList;
			buildConfigurations = (
				BF68020A26B8F82200454517 /* Debug */,
				BF68020B26B8F82200454517 /* Release */,
			);
			defaultConfigurationIsVisible = 0;
			defaultConfigurationName = Release;
		};
		BF68020C26B8F82200454517 /* Build configuration list for PBXNativeTarget "TabbarinCode" */ = {
			isa = XCConfigurationList;
			buildConfigurations = (
				BF68020D26B8F82200454517 /* Debug */,
				BF68020E26B8F82200454517 /* Release */,
			);
			defaultConfigurationIsVisible = 0;
			defaultConfigurationName = Release;
		};
		BF68020F26B8F82200454517 /* Build configuration list for PBXNativeTarget "TabbarinCodeTests" */ = {
			isa = XCConfigurationList;
			buildConfigurations = (
				BF68021026B8F82200454517 /* Debug */,
				BF68021126B8F82200454517 /* Release */,
			);
			defaultConfigurationIsVisible = 0;
			defaultConfigurationName = Release;
		};
		BF68021226B8F82200454517 /* Build configuration list for PBXNativeTarget "TabbarinCodeUITests" */ = {
			isa = XCConfigurationList;
			buildConfigurations = (
				BF68021326B8F82200454517 /* Debug */,
				BF68021426B8F82200454517 /* Release */,
			);
			defaultConfigurationIsVisible = 0;
			defaultConfigurationName = Release;
		};
/* End XCConfigurationList section */
	};
	rootObject = BF6801DA26B8F81F00454517 /* Project object */;
}
